PODS:
  - Crashlytics (3.14.0):
    - Fabric (~> 1.10.2)
  - Fabric (1.10.2)
  - LoginServiceKit (2.5.0)
  - Sparkle (2.7.0)

DEPENDENCIES:
  - Crashlytics
  - Fabric
  - LoginServiceKit (from `https://github.com/Clipy/LoginServiceKit.git`)
  - Sparkle

SPEC REPOS:
  trunk:
    - Crashlytics
    - Fabric
    - Sparkle

EXTERNAL SOURCES:
  LoginServiceKit:
    :git: https://github.com/Clipy/LoginServiceKit.git

CHECKOUT OPTIONS:
  LoginServiceKit:
    :commit: ad922de0efe2384b561375d4d5344e1e932c116d
    :git: https://github.com/Clipy/LoginServiceKit.git

SPEC CHECKSUMS:
  Crashlytics: 9220f5bc89e7a618df411b4f639389dbfb0e03d2
  Fabric: ea977e3cd9c20425516d3dafd3bf8c941c51223f
  LoginServiceKit: 87c3d42ddb80d39ee8ea6b7a93f8c654ff58781b
  Sparkle: 9c328bdcfbcaf8f030c4b678eadfd0fcb03822d8

PODFILE CHECKSUM: bbcececf0c645f932ef4734d3bf6bcbffdbdbd2a

COCOAPODS: 1.16.2
